
Microsoft Visual Studio Solution File, Format Version 12.00
# Visual Studio Version 17
VisualStudioVersion = 17.0.31903.59
MinimumVisualStudioVersion = 10.0.40219.1
Project("{FAE04EC0-301F-11D3-BF4B-00C04F79EFBC}") = "Comparison", "Comparison\Comparison.csproj", "{38DEF885-D920-40AA-8D81-B0F5E189F822}"
EndProject
Project("{FAE04EC0-301F-11D3-BF4B-00C04F79EFBC}") = "00FileStream", "00FileStream\00FileStream.csproj", "{43B7A59B-7215-424C-9AE9-24A0A4FAD789}"
EndProject
Project("{FAE04EC0-301F-11D3-BF4B-00C04F79EFBC}") = "00Stream", "00Stream\00Stream.csproj", "{FB61BA06-8A40-49D0-9F0D-9356BCDFE0BD}"
EndProject
Project("{FAE04EC0-301F-11D3-BF4B-00C04F79EFBC}") = "00Binary", "00Binary\00Binary.csproj", "{7F349610-B660-48F1-A8F8-3EFD658D8979}"
EndProject
Project("{FAE04EC0-301F-11D3-BF4B-00C04F79EFBC}") = "00File", "00File\00File.csproj", "{5FFFB909-49D6-4CE8-A798-2D89DCDE91F3}"
EndProject
Project("{FAE04EC0-301F-11D3-BF4B-00C04F79EFBC}") = "00StreamReader", "00StreamReader\00StreamReader.csproj", "{71C4D279-35B2-4C23-8C1F-609F74CF618B}"
EndProject
Project("{FAE04EC0-301F-11D3-BF4B-00C04F79EFBC}") = "00FileBuffering", "00FileBuffering\00FileBuffering.csproj", "{70601806-1524-46FC-AD0C-9936E1724E53}"
EndProject
Project("{FAE04EC0-301F-11D3-BF4B-00C04F79EFBC}") = "00AsyncFile", "00AsyncFile\00AsyncFile.csproj", "{E690A88B-7413-442D-9FC4-DE6765773074}"
EndProject
Project("{FAE04EC0-301F-11D3-BF4B-00C04F79EFBC}") = "00BinaryCorrectOrder", "00BinaryCorrectOrder\00BinaryCorrectOrder.csproj", "{E90C4563-E0DB-4F5D-B243-7D730CE081C9}"
EndProject
Project("{FAE04EC0-301F-11D3-BF4B-00C04F79EFBC}") = "00FileStreamBuffer", "00FileStreamBuffer\00FileStreamBuffer.csproj", "{2D2238CD-D24F-4A82-AEC3-C01948E87E26}"
EndProject
Project("{FAE04EC0-301F-11D3-BF4B-00C04F79EFBC}") = "00Directory", "00Directory\00Directory.csproj", "{E1D12D19-DE07-4052-BEA3-05254855BD89}"
EndProject
Project("{FAE04EC0-301F-11D3-BF4B-00C04F79EFBC}") = "01CobaGZipStream", "01CobaGZipStream\01CobaGZipStream.csproj", "{BA3F74FB-60D2-4880-AE5D-78F740796A93}"
EndProject
Project("{FAE04EC0-301F-11D3-BF4B-00C04F79EFBC}") = "02DeflateStream", "02DeflateStream\02DeflateStream.csproj", "{59D28468-CA1F-4B31-9E3D-6FDF35C6DFCC}"
EndProject
Project("{FAE04EC0-301F-11D3-BF4B-00C04F79EFBC}") = "03DeflateStreamOthers", "03DeflateStreamOthers\03DeflateStreamOthers.csproj", "{984CFEC5-2598-460C-803B-CB93BA32DA5C}"
EndProject
Project("{FAE04EC0-301F-11D3-BF4B-00C04F79EFBC}") = "03GzipPicture", "03GzipPicture\03GzipPicture.csproj", "{BC9ACD58-D3C0-4A80-AF82-3805E70922A7}"
EndProject
Project("{FAE04EC0-301F-11D3-BF4B-00C04F79EFBC}") = "04GZPicutreother", "04GZPicutreother\04GZPicutreother.csproj", "{5C9C0387-4D88-45C7-A9DD-793ACA7522C0}"
EndProject
Project("{FAE04EC0-301F-11D3-BF4B-00C04F79EFBC}") = "03FixGzipPicture", "03FixGzipPicture\03FixGzipPicture.csproj", "{D4E35585-874B-4237-A948-9576B6662DFC}"
EndProject
Project("{FAE04EC0-301F-11D3-BF4B-00C04F79EFBC}") = "05StreamReaderFile", "05StreamReaderFile\05StreamReaderFile.csproj", "{4EB1C815-8F82-4FD0-A1EF-D2ABEED4A39C}"
EndProject
Global
	GlobalSection(SolutionConfigurationPlatforms) = preSolution
		Debug|Any CPU = Debug|Any CPU
		Release|Any CPU = Release|Any CPU
	EndGlobalSection
	GlobalSection(SolutionProperties) = preSolution
		HideSolutionNode = FALSE
	EndGlobalSection
	GlobalSection(ProjectConfigurationPlatforms) = postSolution
		{38DEF885-D920-40AA-8D81-B0F5E189F822}.Debug|Any CPU.ActiveCfg = Debug|Any CPU
		{38DEF885-D920-40AA-8D81-B0F5E189F822}.Debug|Any CPU.Build.0 = Debug|Any CPU
		{38DEF885-D920-40AA-8D81-B0F5E189F822}.Release|Any CPU.ActiveCfg = Release|Any CPU
		{38DEF885-D920-40AA-8D81-B0F5E189F822}.Release|Any CPU.Build.0 = Release|Any CPU
		{43B7A59B-7215-424C-9AE9-24A0A4FAD789}.Debug|Any CPU.ActiveCfg = Debug|Any CPU
		{43B7A59B-7215-424C-9AE9-24A0A4FAD789}.Debug|Any CPU.Build.0 = Debug|Any CPU
		{43B7A59B-7215-424C-9AE9-24A0A4FAD789}.Release|Any CPU.ActiveCfg = Release|Any CPU
		{43B7A59B-7215-424C-9AE9-24A0A4FAD789}.Release|Any CPU.Build.0 = Release|Any CPU
		{FB61BA06-8A40-49D0-9F0D-9356BCDFE0BD}.Debug|Any CPU.ActiveCfg = Debug|Any CPU
		{FB61BA06-8A40-49D0-9F0D-9356BCDFE0BD}.Debug|Any CPU.Build.0 = Debug|Any CPU
		{FB61BA06-8A40-49D0-9F0D-9356BCDFE0BD}.Release|Any CPU.ActiveCfg = Release|Any CPU
		{FB61BA06-8A40-49D0-9F0D-9356BCDFE0BD}.Release|Any CPU.Build.0 = Release|Any CPU
		{7F349610-B660-48F1-A8F8-3EFD658D8979}.Debug|Any CPU.ActiveCfg = Debug|Any CPU
		{7F349610-B660-48F1-A8F8-3EFD658D8979}.Debug|Any CPU.Build.0 = Debug|Any CPU
		{7F349610-B660-48F1-A8F8-3EFD658D8979}.Release|Any CPU.ActiveCfg = Release|Any CPU
		{7F349610-B660-48F1-A8F8-3EFD658D8979}.Release|Any CPU.Build.0 = Release|Any CPU
		{5FFFB909-49D6-4CE8-A798-2D89DCDE91F3}.Debug|Any CPU.ActiveCfg = Debug|Any CPU
		{5FFFB909-49D6-4CE8-A798-2D89DCDE91F3}.Debug|Any CPU.Build.0 = Debug|Any CPU
		{5FFFB909-49D6-4CE8-A798-2D89DCDE91F3}.Release|Any CPU.ActiveCfg = Release|Any CPU
		{5FFFB909-49D6-4CE8-A798-2D89DCDE91F3}.Release|Any CPU.Build.0 = Release|Any CPU
		{71C4D279-35B2-4C23-8C1F-609F74CF618B}.Debug|Any CPU.ActiveCfg = Debug|Any CPU
		{71C4D279-35B2-4C23-8C1F-609F74CF618B}.Debug|Any CPU.Build.0 = Debug|Any CPU
		{71C4D279-35B2-4C23-8C1F-609F74CF618B}.Release|Any CPU.ActiveCfg = Release|Any CPU
		{71C4D279-35B2-4C23-8C1F-609F74CF618B}.Release|Any CPU.Build.0 = Release|Any CPU
		{70601806-1524-46FC-AD0C-9936E1724E53}.Debug|Any CPU.ActiveCfg = Debug|Any CPU
		{70601806-1524-46FC-AD0C-9936E1724E53}.Debug|Any CPU.Build.0 = Debug|Any CPU
		{70601806-1524-46FC-AD0C-9936E1724E53}.Release|Any CPU.ActiveCfg = Release|Any CPU
		{70601806-1524-46FC-AD0C-9936E1724E53}.Release|Any CPU.Build.0 = Release|Any CPU
		{E690A88B-7413-442D-9FC4-DE6765773074}.Debug|Any CPU.ActiveCfg = Debug|Any CPU
		{E690A88B-7413-442D-9FC4-DE6765773074}.Debug|Any CPU.Build.0 = Debug|Any CPU
		{E690A88B-7413-442D-9FC4-DE6765773074}.Release|Any CPU.ActiveCfg = Release|Any CPU
		{E690A88B-7413-442D-9FC4-DE6765773074}.Release|Any CPU.Build.0 = Release|Any CPU
		{E90C4563-E0DB-4F5D-B243-7D730CE081C9}.Debug|Any CPU.ActiveCfg = Debug|Any CPU
		{E90C4563-E0DB-4F5D-B243-7D730CE081C9}.Debug|Any CPU.Build.0 = Debug|Any CPU
		{E90C4563-E0DB-4F5D-B243-7D730CE081C9}.Release|Any CPU.ActiveCfg = Release|Any CPU
		{E90C4563-E0DB-4F5D-B243-7D730CE081C9}.Release|Any CPU.Build.0 = Release|Any CPU
		{2D2238CD-D24F-4A82-AEC3-C01948E87E26}.Debug|Any CPU.ActiveCfg = Debug|Any CPU
		{2D2238CD-D24F-4A82-AEC3-C01948E87E26}.Debug|Any CPU.Build.0 = Debug|Any CPU
		{2D2238CD-D24F-4A82-AEC3-C01948E87E26}.Release|Any CPU.ActiveCfg = Release|Any CPU
		{2D2238CD-D24F-4A82-AEC3-C01948E87E26}.Release|Any CPU.Build.0 = Release|Any CPU
		{E1D12D19-DE07-4052-BEA3-05254855BD89}.Debug|Any CPU.ActiveCfg = Debug|Any CPU
		{E1D12D19-DE07-4052-BEA3-05254855BD89}.Debug|Any CPU.Build.0 = Debug|Any CPU
		{E1D12D19-DE07-4052-BEA3-05254855BD89}.Release|Any CPU.ActiveCfg = Release|Any CPU
		{E1D12D19-DE07-4052-BEA3-05254855BD89}.Release|Any CPU.Build.0 = Release|Any CPU
		{BA3F74FB-60D2-4880-AE5D-78F740796A93}.Debug|Any CPU.ActiveCfg = Debug|Any CPU
		{BA3F74FB-60D2-4880-AE5D-78F740796A93}.Debug|Any CPU.Build.0 = Debug|Any CPU
		{BA3F74FB-60D2-4880-AE5D-78F740796A93}.Release|Any CPU.ActiveCfg = Release|Any CPU
		{BA3F74FB-60D2-4880-AE5D-78F740796A93}.Release|Any CPU.Build.0 = Release|Any CPU
		{59D28468-CA1F-4B31-9E3D-6FDF35C6DFCC}.Debug|Any CPU.ActiveCfg = Debug|Any CPU
		{59D28468-CA1F-4B31-9E3D-6FDF35C6DFCC}.Debug|Any CPU.Build.0 = Debug|Any CPU
		{59D28468-CA1F-4B31-9E3D-6FDF35C6DFCC}.Release|Any CPU.ActiveCfg = Release|Any CPU
		{59D28468-CA1F-4B31-9E3D-6FDF35C6DFCC}.Release|Any CPU.Build.0 = Release|Any CPU
		{984CFEC5-2598-460C-803B-CB93BA32DA5C}.Debug|Any CPU.ActiveCfg = Debug|Any CPU
		{984CFEC5-2598-460C-803B-CB93BA32DA5C}.Debug|Any CPU.Build.0 = Debug|Any CPU
		{984CFEC5-2598-460C-803B-CB93BA32DA5C}.Release|Any CPU.ActiveCfg = Release|Any CPU
		{984CFEC5-2598-460C-803B-CB93BA32DA5C}.Release|Any CPU.Build.0 = Release|Any CPU
		{BC9ACD58-D3C0-4A80-AF82-3805E70922A7}.Debug|Any CPU.ActiveCfg = Debug|Any CPU
		{BC9ACD58-D3C0-4A80-AF82-3805E70922A7}.Debug|Any CPU.Build.0 = Debug|Any CPU
		{BC9ACD58-D3C0-4A80-AF82-3805E70922A7}.Release|Any CPU.ActiveCfg = Release|Any CPU
		{BC9ACD58-D3C0-4A80-AF82-3805E70922A7}.Release|Any CPU.Build.0 = Release|Any CPU
		{5C9C0387-4D88-45C7-A9DD-793ACA7522C0}.Debug|Any CPU.ActiveCfg = Debug|Any CPU
		{5C9C0387-4D88-45C7-A9DD-793ACA7522C0}.Debug|Any CPU.Build.0 = Debug|Any CPU
		{5C9C0387-4D88-45C7-A9DD-793ACA7522C0}.Release|Any CPU.ActiveCfg = Release|Any CPU
		{5C9C0387-4D88-45C7-A9DD-793ACA7522C0}.Release|Any CPU.Build.0 = Release|Any CPU
		{D4E35585-874B-4237-A948-9576B6662DFC}.Debug|Any CPU.ActiveCfg = Debug|Any CPU
		{D4E35585-874B-4237-A948-9576B6662DFC}.Debug|Any CPU.Build.0 = Debug|Any CPU
		{D4E35585-874B-4237-A948-9576B6662DFC}.Release|Any CPU.ActiveCfg = Release|Any CPU
		{D4E35585-874B-4237-A948-9576B6662DFC}.Release|Any CPU.Build.0 = Release|Any CPU
		{4EB1C815-8F82-4FD0-A1EF-D2ABEED4A39C}.Debug|Any CPU.ActiveCfg = Debug|Any CPU
		{4EB1C815-8F82-4FD0-A1EF-D2ABEED4A39C}.Debug|Any CPU.Build.0 = Debug|Any CPU
		{4EB1C815-8F82-4FD0-A1EF-D2ABEED4A39C}.Release|Any CPU.ActiveCfg = Release|Any CPU
		{4EB1C815-8F82-4FD0-A1EF-D2ABEED4A39C}.Release|Any CPU.Build.0 = Release|Any CPU
	EndGlobalSection
EndGlobal
